
Microsoft Visual Studio Solution File, Format Version 12.00
# Visual Studio Version 17
VisualStudioVersion = 17.9.34728.123
MinimumVisualStudioVersion = 10.0.40219.1
Project("{FAE04EC0-301F-11D3-BF4B-00C04F79EFBC}") = "PRG521 FA2", "PRG521 FA2\PRG521 FA2.csproj", "{9597D82F-443F-423A-BDC2-E796CC6FBFD9}"
EndProject
Global
	GlobalSection(SolutionConfigurationPlatforms) = preSolution
		Debug|Any CPU = Debug|Any CPU
		Release|Any CPU = Release|Any CPU
	EndGlobalSection
	GlobalSection(ProjectConfigurationPlatforms) = postSolution
		{9597D82F-443F-423A-BDC2-E796CC6FBFD9}.Debug|Any CPU.ActiveCfg = Debug|Any CPU
		{9597D82F-443F-423A-BDC2-E796CC6FBFD9}.Debug|Any CPU.Build.0 = Debug|Any CPU
		{9597D82F-443F-423A-BDC2-E796CC6FBFD9}.Release|Any CPU.ActiveCfg = Release|Any CPU
		{9597D82F-443F-423A-BDC2-E796CC6FBFD9}.Release|Any CPU.Build.0 = Release|Any CPU
	EndGlobalSection
	GlobalSection(SolutionProperties) = preSolution
		HideSolutionNode = FALSE
	EndGlobalSection
	GlobalSection(ExtensibilityGlobals) = postSolution
		SolutionGuid = {20957399-6990-4273-A6B6-1C69570319FF}
	EndGlobalSection
EndGlobal
